{
  "name": "attackfundsanalysis",
  "version": "1.0.1",
  "lockfileVersion": 1,
  "requires": true,
  "dependencies": {
    "@iota/bundle": {
      "version": "1.0.0-beta.29",
      "resolved": "https://registry.npmjs.org/@iota/bundle/-/bundle-1.0.0-beta.29.tgz",
      "integrity": "sha512-KKR/ocMHpErrCxfyujsT3p1RjfE7TxHIsEPBLv7PJv6aHkr8ahaNfIMx07iFixy08+gxFKAnVAOS9mtytSHf3A==",
      "requires": {
        "@iota/converter": "^1.0.0-beta.23",
        "@iota/kerl": "^1.0.0-beta.23",
        "@iota/signing": "^1.0.0-beta.23",
        "@iota/transaction": "^1.0.0-beta.23",
        "@types/warning": "^3.0.0",
        "warning": "^4.0.3"
      }
    },
    "@iota/bundle-validator": {
      "version": "1.0.0-beta.23",
      "resolved": "https://registry.npmjs.org/@iota/bundle-validator/-/bundle-validator-1.0.0-beta.23.tgz",
      "integrity": "sha512-zbDkpOHM71tUYduJdgcrt/XhSK1apzOnhAmaspup2hN8yKVW4h/Gx9cOd+0b3YXqsENnJDFaEtPDIxgGLZ9YAw==",
      "requires": {
        "@iota/converter": "^1.0.0-beta.23",
        "@iota/kerl": "^1.0.0-beta.23",
        "@iota/signing": "^1.0.0-beta.23",
        "@iota/transaction": "^1.0.0-beta.23",
        "@iota/transaction-converter": "^1.0.0-beta.23"
      }
    },
    "@iota/checksum": {
      "version": "1.0.0-beta.23",
      "resolved": "https://registry.npmjs.org/@iota/checksum/-/checksum-1.0.0-beta.23.tgz",
      "integrity": "sha512-zcIqYOZhYgLYvr1caaHWTCK1NuNHJENyBinaJ2y8q/kThvzpRY3oHNmV0kLKANrPYDpID8cg9C1vDgPZf457zw==",
      "requires": {
        "@iota/converter": "^1.0.0-beta.23",
        "@iota/kerl": "^1.0.0-beta.23"
      }
    },
    "@iota/converter": {
      "version": "1.0.0-beta.23",
      "resolved": "https://registry.npmjs.org/@iota/converter/-/converter-1.0.0-beta.23.tgz",
      "integrity": "sha512-5RcLHaF7oR+WEI4n3OV6SJTA6XuvVIBcc6aMDbqEAh9ahVXIE5Yq7AyJhQxUvE1ZyfJTHSfTdSf26bpmFCMFpQ==",
      "requires": {
        "core-js": "^3.1.4"
      }
    },
    "@iota/core": {
      "version": "1.0.0-beta.29",
      "resolved": "https://registry.npmjs.org/@iota/core/-/core-1.0.0-beta.29.tgz",
      "integrity": "sha512-b/cf/ED2+k5gFL4bEMKLVPxbIXWgEf2vcm8/2ebkeT93nW1ZsmakNNQqWfCSj/8C0Hrd3SVgICfxwwgFwSYt5A==",
      "requires": {
        "@iota/bundle": "^1.0.0-beta.29",
        "@iota/bundle-validator": "^1.0.0-beta.23",
        "@iota/checksum": "^1.0.0-beta.23",
        "@iota/converter": "^1.0.0-beta.23",
        "@iota/curl": "^1.0.0-beta.19",
        "@iota/http-client": "^1.0.0-beta.23",
        "@iota/kerl": "^1.0.0-beta.23",
        "@iota/pad": "^1.0.0-beta.19",
        "@iota/signing": "^1.0.0-beta.23",
        "@iota/transaction": "^1.0.0-beta.23",
        "@iota/transaction-converter": "^1.0.0-beta.23",
        "bluebird": "^3.5.5"
      }
    },
    "@iota/curl": {
      "version": "1.0.0-beta.19",
      "resolved": "https://registry.npmjs.org/@iota/curl/-/curl-1.0.0-beta.19.tgz",
      "integrity": "sha512-bUr6VW8lP1XYhAkzUacc8U28qO2Ibdl6R5CSF7N34GgjO2sEkn4DnlzL1VU8cCv+8rfBlZ9qIvYGzklic49JJw=="
    },
    "@iota/http-client": {
      "version": "1.0.0-beta.23",
      "resolved": "https://registry.npmjs.org/@iota/http-client/-/http-client-1.0.0-beta.23.tgz",
      "integrity": "sha512-qpXBwyLR+plmj4SS87Q3PDX54/Q2bEEhoIToyZ8CcxQnlpUwv+7kbVtMIAhqp1QuLydxCbaeDVqaSCik+XzStQ==",
      "requires": {
        "cross-fetch": "^3.0.0",
        "url-parse": "^1.4.7"
      }
    },
    "@iota/kerl": {
      "version": "1.0.0-beta.23",
      "resolved": "https://registry.npmjs.org/@iota/kerl/-/kerl-1.0.0-beta.23.tgz",
      "integrity": "sha512-+UnsmHTCPyuNlEXnz5GXB/SBzmXXYH8gvAdQh3Bh9rdiIW6lbEhA8QHCKJWjBQ9hAopQMG9KAkzlhDwwyBlpPg==",
      "requires": {
        "@types/crypto-js": "^3.1.38",
        "crypto-js": "^3.1.9-1"
      }
    },
    "@iota/pad": {
      "version": "1.0.0-beta.19",
      "resolved": "https://registry.npmjs.org/@iota/pad/-/pad-1.0.0-beta.19.tgz",
      "integrity": "sha512-J82UxKK3d5x6bxDKzi3qgRpy/NxCXbuDprC3ar225ahwtt1Qd0srQY3ZN6GjCAtV9/bFe7EysXqGcQnumfECBQ=="
    },
    "@iota/signing": {
      "version": "1.0.0-beta.23",
      "resolved": "https://registry.npmjs.org/@iota/signing/-/signing-1.0.0-beta.23.tgz",
      "integrity": "sha512-E8ajY6jI/Fa+R564D59U2NpdaV48DXhs/7ucuZ5hYcUaa4OgsswV1UPh9xAuXRKkHrrkoX9OEp8ihxOvJ+/12g==",
      "requires": {
        "@iota/converter": "^1.0.0-beta.23",
        "@iota/kerl": "^1.0.0-beta.23",
        "@iota/pad": "^1.0.0-beta.19"
      }
    },
    "@iota/transaction": {
      "version": "1.0.0-beta.23",
      "resolved": "https://registry.npmjs.org/@iota/transaction/-/transaction-1.0.0-beta.23.tgz",
      "integrity": "sha512-sakUmQcUWZYkj8jaPE57W4c8eUr7WcPoCSBTM0Xe/ij8gQQgNu5V4IQGDOQV4XfMH6sO3NxX8lY0/SoH6HAROQ==",
      "requires": {
        "@iota/converter": "^1.0.0-beta.23",
        "@iota/curl": "^1.0.0-beta.19",
        "@iota/kerl": "^1.0.0-beta.23",
        "@iota/signing": "^1.0.0-beta.23",
        "@types/warning": "^3.0.0",
        "warning": "^4.0.3"
      }
    },
    "@iota/transaction-converter": {
      "version": "1.0.0-beta.23",
      "resolved": "https://registry.npmjs.org/@iota/transaction-converter/-/transaction-converter-1.0.0-beta.23.tgz",
      "integrity": "sha512-p60byCcDuEzZxNwNsnmsIPuGLmKl16UhR0N8IBkhAh6WT2cHFgBDpDOLbSZtGMALgRfML3X4u67NNZh8hlziJA==",
      "requires": {
        "@iota/converter": "^1.0.0-beta.23",
        "@iota/pad": "^1.0.0-beta.19",
        "@iota/transaction": "^1.0.0-beta.23"
      }
    },
    "@types/bluebird": {
      "version": "3.5.30",
      "resolved": "https://registry.npmjs.org/@types/bluebird/-/bluebird-3.5.30.tgz",
      "integrity": "sha512-8LhzvcjIoqoi1TghEkRMkbbmM+jhHnBokPGkJWjclMK+Ks0MxEBow3/p2/iFTZ+OIbJHQDSfpgdZEb+af3gfVw==",
      "dev": true
    },
    "@types/crypto-js": {
      "version": "3.1.43",
      "resolved": "https://registry.npmjs.org/@types/crypto-js/-/crypto-js-3.1.43.tgz",
      "integrity": "sha512-EHe/YKctU3IYNBsDmSOPX/7jLHPRlx8WaiDKSY9JCTnJ8XJeM4c0ZJvx+9Gxmr2s2ihI92R+3U/gNL1sq5oRuQ=="
    },
    "@types/node": {
      "version": "13.7.1",
      "resolved": "https://registry.npmjs.org/@types/node/-/node-13.7.1.tgz",
      "integrity": "sha512-Zq8gcQGmn4txQEJeiXo/KiLpon8TzAl0kmKH4zdWctPj05nWwp1ClMdAVEloqrQKfaC48PNLdgN/aVaLqUrluA==",
      "dev": true
    },
    "@types/warning": {
      "version": "3.0.0",
      "resolved": "https://registry.npmjs.org/@types/warning/-/warning-3.0.0.tgz",
      "integrity": "sha1-DSUBJorY+ZYrdA04fEZU9fjiPlI="
    },
    "arg": {
      "version": "4.1.3",
      "resolved": "https://registry.npmjs.org/arg/-/arg-4.1.3.tgz",
      "integrity": "sha512-58S9QDqG0Xx27YwPSt9fJxivjYl432YCwfDMfZ+71RAqUrZef7LrKQZ3LHLOwCS4FLNBplP533Zx895SeOCHvA==",
      "dev": true
    },
    "async": {
      "version": "2.6.3",
      "resolved": "https://registry.npmjs.org/async/-/async-2.6.3.tgz",
      "integrity": "sha512-zflvls11DCy+dQWzTW2dzuilv8Z5X/pjfmZOWba6TNIVDm+2UDaJmXSOXlasHKfNBs8oo3M0aT50fDEWfKZjXg==",
      "requires": {
        "lodash": "^4.17.14"
      }
    },
    "bignumber.js": {
      "version": "4.1.0",
      "resolved": "https://registry.npmjs.org/bignumber.js/-/bignumber.js-4.1.0.tgz",
      "integrity": "sha512-eJzYkFYy9L4JzXsbymsFn3p54D+llV27oTQ+ziJG7WFRheJcNZilgVXMG0LoZtlQSKBsJdWtLFqOD0u+U0jZKA=="
    },
    "bluebird": {
      "version": "3.7.2",
      "resolved": "https://registry.npmjs.org/bluebird/-/bluebird-3.7.2.tgz",
      "integrity": "sha512-XpNj6GDQzdfW+r2Wnn7xiSAd7TM3jzkxGXBGTtWKuSXv1xUV+azxAm8jdWZN06QTQk+2N2XB9jRDkvbmQmcRtg=="
    },
    "buffer-from": {
      "version": "1.1.1",
      "resolved": "https://registry.npmjs.org/buffer-from/-/buffer-from-1.1.1.tgz",
      "integrity": "sha512-MQcXEUbCKtEo7bhqEs6560Hyd4XaovZlO/k9V3hjVUF/zwW7KBVdSK4gIt/bzwS9MbR5qob+F5jusZsb0YQK2A==",
      "dev": true
    },
    "core-js": {
      "version": "3.6.4",
      "resolved": "https://registry.npmjs.org/core-js/-/core-js-3.6.4.tgz",
      "integrity": "sha512-4paDGScNgZP2IXXilaffL9X7968RuvwlkK3xWtZRVqgd8SYNiVKRJvkFd1aqqEuPfN7E68ZHEp9hDj6lHj4Hyw=="
    },
    "cross-fetch": {
      "version": "3.0.4",
      "resolved": "https://registry.npmjs.org/cross-fetch/-/cross-fetch-3.0.4.tgz",
      "integrity": "sha512-MSHgpjQqgbT/94D4CyADeNoYh52zMkCX4pcJvPP5WqPsLFMKjr2TCMg381ox5qI0ii2dPwaLx/00477knXqXVw==",
      "requires": {
        "node-fetch": "2.6.0",
        "whatwg-fetch": "3.0.0"
      }
    },
    "crypto-js": {
      "version": "3.3.0",
      "resolved": "https://registry.npmjs.org/crypto-js/-/crypto-js-3.3.0.tgz",
      "integrity": "sha512-DIT51nX0dCfKltpRiXV+/TVZq+Qq2NgF4644+K7Ttnla7zEzqc+kjJyiB96BHNyUTBxyjzRcZYpUdZa+QAqi6Q=="
    },
    "diff": {
      "version": "4.0.2",
      "resolved": "https://registry.npmjs.org/diff/-/diff-4.0.2.tgz",
      "integrity": "sha512-58lmxKSA4BNyLz+HHMUzlOEpg09FV+ev6ZMe3vJihgdxzgcwZ8VoEEPmALCZG9LmqfVoNMMKpttIYTVG6uDY7A==",
      "dev": true
    },
    "iota.lib.js": {
      "version": "0.5.2",
      "resolved": "https://registry.npmjs.org/iota.lib.js/-/iota.lib.js-0.5.2.tgz",
      "integrity": "sha512-2+4D8kFAxPjkBS4oDmnoNxoYSAYnl23C5OTLoc2ZtSrFmFsPRb5rOjmEX4WEn2RocFMiV3Ndjfqk5ct469Ayjw==",
      "requires": {
        "async": "^2.5.0",
        "bignumber.js": "^4.1.0",
        "crypto-js": "^3.1.9-1",
        "xmlhttprequest": "^1.8.0"
      }
    },
    "js-tokens": {
      "version": "4.0.0",
      "resolved": "https://registry.npmjs.org/js-tokens/-/js-tokens-4.0.0.tgz",
      "integrity": "sha512-RdJUflcE3cUzKiMqQgsCu06FPu9UdIJO0beYbPhHN4k6apgJtifcoCtT9bcxOpYBtpD2kCM6Sbzg4CausW/PKQ=="
    },
    "lodash": {
      "version": "4.17.15",
      "resolved": "https://registry.npmjs.org/lodash/-/lodash-4.17.15.tgz",
      "integrity": "sha512-8xOcRHvCjnocdS5cpwXQXVzmmh5e5+saE2QGoeQmbKmRS6J3VQppPOIt0MnmE+4xlZoumy0GPG0D0MVIQbNA1A=="
    },
    "loose-envify": {
      "version": "1.4.0",
      "resolved": "https://registry.npmjs.org/loose-envify/-/loose-envify-1.4.0.tgz",
      "integrity": "sha512-lyuxPGr/Wfhrlem2CL/UcnUc1zcqKAImBDzukY7Y5F/yQiNdko6+fRLevlw1HgMySw7f611UIY408EtxRSoK3Q==",
      "requires": {
        "js-tokens": "^3.0.0 || ^4.0.0"
      }
    },
    "make-error": {
      "version": "1.3.6",
      "resolved": "https://registry.npmjs.org/make-error/-/make-error-1.3.6.tgz",
      "integrity": "sha512-s8UhlNe7vPKomQhC1qFelMokr/Sc3AgNbso3n74mVPA5LTZwkB9NlXf4XPamLxJE8h0gh73rM94xvwRT2CVInw==",
      "dev": true
    },
    "node-fetch": {
      "version": "2.6.0",
      "resolved": "https://registry.npmjs.org/node-fetch/-/node-fetch-2.6.0.tgz",
      "integrity": "sha512-8dG4H5ujfvFiqDmVu9fQ5bOHUC15JMjMY/Zumv26oOvvVJjM67KF8koCWIabKQ1GJIa9r2mMZscBq/TbdOcmNA=="
    },
    "querystringify": {
      "version": "2.1.1",
      "resolved": "https://registry.npmjs.org/querystringify/-/querystringify-2.1.1.tgz",
      "integrity": "sha512-w7fLxIRCRT7U8Qu53jQnJyPkYZIaR4n5151KMfcJlO/A9397Wxb1amJvROTK6TOnp7PfoAmg/qXiNHI+08jRfA=="
    },
    "requires-port": {
      "version": "1.0.0",
      "resolved": "https://registry.npmjs.org/requires-port/-/requires-port-1.0.0.tgz",
      "integrity": "sha1-kl0mAdOaxIXgkc8NpcbmlNw9yv8="
    },
    "source-map": {
      "version": "0.6.1",
      "resolved": "https://registry.npmjs.org/source-map/-/source-map-0.6.1.tgz",
      "integrity": "sha512-UjgapumWlbMhkBgzT7Ykc5YXUT46F0iKu8SGXq0bcwP5dz/h0Plj6enJqjz1Zbq2l5WaqYnrVbwWOWMyF3F47g==",
      "dev": true
    },
    "source-map-support": {
      "version": "0.5.16",
      "resolved": "https://registry.npmjs.org/source-map-support/-/source-map-support-0.5.16.tgz",
      "integrity": "sha512-efyLRJDr68D9hBBNIPWFjhpFzURh+KJykQwvMyW5UiZzYwoF6l4YMMDIJJEyFWxWCqfyxLzz6tSfUFR+kXXsVQ==",
      "dev": true,
      "requires": {
        "buffer-from": "^1.0.0",
        "source-map": "^0.6.0"
      }
    },
    "ts-node": {
      "version": "8.6.2",
      "resolved": "https://registry.npmjs.org/ts-node/-/ts-node-8.6.2.tgz",
      "integrity": "sha512-4mZEbofxGqLL2RImpe3zMJukvEvcO1XP8bj8ozBPySdCUXEcU5cIRwR0aM3R+VoZq7iXc8N86NC0FspGRqP4gg==",
      "dev": true,
      "requires": {
        "arg": "^4.1.0",
        "diff": "^4.0.1",
        "make-error": "^1.1.1",
        "source-map-support": "^0.5.6",
        "yn": "3.1.1"
      }
    },
    "typescript": {
      "version": "3.7.5",
      "resolved": "https://registry.npmjs.org/typescript/-/typescript-3.7.5.tgz",
      "integrity": "sha512-/P5lkRXkWHNAbcJIiHPfRoKqyd7bsyCma1hZNUGfn20qm64T6ZBlrzprymeu918H+mB/0rIg2gGK/BXkhhYgBw==",
      "dev": true
    },
    "url-parse": {
      "version": "1.5.1",
      "resolved": "https://registry.npmjs.org/url-parse/-/url-parse-1.5.1.tgz",
      "integrity": "sha512-HOfCOUJt7iSYzEx/UqgtwKRMC6EU91NFhsCHMv9oM03VJcVo2Qrp8T8kI9D7amFf1cu+/3CEhgb3rF9zL7k85Q==",
      "requires": {
        "querystringify": "^2.1.1",
        "requires-port": "^1.0.0"
      }
    },
    "warning": {
      "version": "4.0.3",
      "resolved": "https://registry.npmjs.org/warning/-/warning-4.0.3.tgz",
      "integrity": "sha512-rpJyN222KWIvHJ/F53XSZv0Zl/accqHR8et1kpaMTD/fLCRxtV8iX8czMzY7sVZupTI3zcUTg8eycS2kNF9l6w==",
      "requires": {
        "loose-envify": "^1.0.0"
      }
    },
    "whatwg-fetch": {
      "version": "3.0.0",
      "resolved": "https://registry.npmjs.org/whatwg-fetch/-/whatwg-fetch-3.0.0.tgz",
      "integrity": "sha512-9GSJUgz1D4MfyKU7KRqwOjXCXTqWdFNvEr7eUBYchQiVc744mqK/MzXPNR2WsPkmkOa4ywfg8C2n8h+13Bey1Q=="
    },
    "xmlhttprequest": {
      "version": "1.8.0",
      "resolved": "https://registry.npmjs.org/xmlhttprequest/-/xmlhttprequest-1.8.0.tgz",
      "integrity": "sha1-Z/4HXFwk/vOfnWX197f+dRcZaPw="
    },
    "yn": {
      "version": "3.1.1",
      "resolved": "https://registry.npmjs.org/yn/-/yn-3.1.1.tgz",
      "integrity": "sha512-Ux4ygGWsu2c7isFWe8Yu1YluJmqVhxqK2cLXNQA5AcC3QfbGNpM7fu0Y8b/z16pXLnFxZYvWhd3fhBY9DLmC6Q==",
      "dev": true
    }
  }
}
