# THIS IS AN AUTOGENERATED FILE. DO NOT EDIT THIS FILE DIRECTLY.
# yarn lockfile v1


"@iota/bundle-validator@^1.0.0-beta.30":
  version "1.0.0-beta.30"
  resolved "https://registry.yarnpkg.com/@iota/bundle-validator/-/bundle-validator-1.0.0-beta.30.tgz#272dfd3482bb80f4bc3cd5acd868d9703bd380e8"
  integrity sha512-LYMms75LCZZ8yTIL1ApQrpuwzD4VfFeTOJVICyjObClIbAL0QGraq0HgdeJiaYjvRqNKrdi9JYM3QdZJvGcsAw==
  dependencies:
    "@iota/converter" "^1.0.0-beta.30"
    "@iota/kerl" "^1.0.0-beta.30"
    "@iota/signing" "^1.0.0-beta.30"
    "@iota/transaction" "^1.0.0-beta.30"
    "@iota/transaction-converter" "^1.0.0-beta.30"

"@iota/bundle@^1.0.0-beta.30":
  version "1.0.0-beta.30"
  resolved "https://registry.yarnpkg.com/@iota/bundle/-/bundle-1.0.0-beta.30.tgz#caa079e8b1659b8fbed4cbc112bc91b1cadaf023"
  integrity sha512-JIPaSHCqfJa2Oq5zD19ie2CYAitNXp4DJcV9oJU/yDVJoKqlLs9BCdNgf/fAI4ZViFkKx3L4F+z0R6G/vO7Kcw==
  dependencies:
    "@iota/converter" "^1.0.0-beta.30"
    "@iota/kerl" "^1.0.0-beta.30"
    "@iota/signing" "^1.0.0-beta.30"
    "@iota/transaction" "^1.0.0-beta.30"
    "@types/warning" "^3.0.0"
    warning "^4.0.3"

"@iota/checksum@^1.0.0-beta.30":
  version "1.0.0-beta.30"
  resolved "https://registry.yarnpkg.com/@iota/checksum/-/checksum-1.0.0-beta.30.tgz#70a8a8300ce0aa02578dd739bec072f590504855"
  integrity sha512-oNCtmJjb152J/+Y5ddF+iBo0S0L7hDHZZHTRXovvcJeRniAZ6IF45Ko0qo/6SiNUEhUaQeJ/oj+kMdkfTdQ51A==
  dependencies:
    "@iota/converter" "^1.0.0-beta.30"
    "@iota/kerl" "^1.0.0-beta.30"

"@iota/converter@^1.0.0-beta.23", "@iota/converter@^1.0.0-beta.30":
  version "1.0.0-beta.30"
  resolved "https://registry.yarnpkg.com/@iota/converter/-/converter-1.0.0-beta.30.tgz#a56ec7c2b8599f9f4474394a475ce6254d756924"
  integrity sha512-DxyTXatWZiVb2EKN1JVdaZs1zg8JUCHngk94hK2quV7JM3weemLOKd6OL8GQOJtjjoGIWBIZFpKpYZd2gaIBmg==
  dependencies:
    core-js "^3.1.4"

"@iota/core@^1.0.0-beta.29":
  version "1.0.0-beta.30"
  resolved "https://registry.yarnpkg.com/@iota/core/-/core-1.0.0-beta.30.tgz#746b3edc7896befc608a5c1660ad0011b646a164"
  integrity sha512-BYnQnTY2lOAOz4LEPT2jDKb9z25EeU0lUVE4vO6mV+rcVlkn8NDUkOvJpEi9XWdPySx6MqtcSiVMvGcAAGh4Tw==
  dependencies:
    "@iota/bundle" "^1.0.0-beta.30"
    "@iota/bundle-validator" "^1.0.0-beta.30"
    "@iota/checksum" "^1.0.0-beta.30"
    "@iota/converter" "^1.0.0-beta.30"
    "@iota/curl" "^1.0.0-beta.19"
    "@iota/http-client" "^1.0.0-beta.30"
    "@iota/kerl" "^1.0.0-beta.30"
    "@iota/pad" "^1.0.0-beta.30"
    "@iota/signing" "^1.0.0-beta.30"
    "@iota/transaction" "^1.0.0-beta.30"
    "@iota/transaction-converter" "^1.0.0-beta.30"
    bluebird "^3.5.5"

"@iota/curl@^1.0.0-beta.19":
  version "1.0.0-beta.19"
  resolved "https://registry.yarnpkg.com/@iota/curl/-/curl-1.0.0-beta.19.tgz#7c30bec4c7225eaf1a691802251c9199177a54a8"
  integrity sha512-bUr6VW8lP1XYhAkzUacc8U28qO2Ibdl6R5CSF7N34GgjO2sEkn4DnlzL1VU8cCv+8rfBlZ9qIvYGzklic49JJw==

"@iota/http-client@^1.0.0-beta.30":
  version "1.0.0-beta.30"
  resolved "https://registry.yarnpkg.com/@iota/http-client/-/http-client-1.0.0-beta.30.tgz#255b9009379d032e643adb9eddbe54b3a69fad0b"
  integrity sha512-Dc4UnNmO5mgPi6pZOwgJ7wR9/ETJoSlU/C0HlSIdkzeuRchpRc70STG2pA8hfIfLnNQE2N8HzMvceSPntKlWZg==
  dependencies:
    bluebird "^3.7.2"
    cross-fetch "^3.0.0"
    url-parse "^1.4.7"

"@iota/kerl@^1.0.0-beta.30":
  version "1.0.0-beta.30"
  resolved "https://registry.yarnpkg.com/@iota/kerl/-/kerl-1.0.0-beta.30.tgz#36dc2fd756e4c8fb834938fa06bb387418a388ae"
  integrity sha512-vVx7916Sb1fZWV9FmsFUUoxrgBbxeK4lc2Y0NYIw4OnU/Q6NsTu+GEXGNMArp97daU4UQhbceE7DNTj9HOICfQ==
  dependencies:
    "@types/crypto-js" "^3.1.47"
    crypto-js "^4.0.0"

"@iota/pad@^1.0.0-beta.30":
  version "1.0.0-beta.30"
  resolved "https://registry.yarnpkg.com/@iota/pad/-/pad-1.0.0-beta.30.tgz#de19728f8f1b09c20e2365d0da34945006760082"
  integrity sha512-fnhPMPul18WunLq9Ni4rxzBFmhna6eaG8WroDg6GdQqSK/eN62uFHV8tpspJHXuCqwgCUVp6NpuUna7+B2OV9g==

"@iota/signing@^1.0.0-beta.30":
  version "1.0.0-beta.30"
  resolved "https://registry.yarnpkg.com/@iota/signing/-/signing-1.0.0-beta.30.tgz#43bf82f9dd43bb3b98c63dd57ac9cde2554f1472"
  integrity sha512-VnOCBq8uAsMwQKv7VeYe2Yx2hTWxNp/lkNEqN6xgPsTII17elj0wjwR+b4euf48h3nIiGeCLWRK5a+k9r46o/g==
  dependencies:
    "@iota/converter" "^1.0.0-beta.30"
    "@iota/kerl" "^1.0.0-beta.30"
    "@iota/pad" "^1.0.0-beta.30"
    bluebird "^3.7.2"

"@iota/transaction-converter@^1.0.0-beta.30":
  version "1.0.0-beta.30"
  resolved "https://registry.yarnpkg.com/@iota/transaction-converter/-/transaction-converter-1.0.0-beta.30.tgz#db5b8b2fbc8332ffbeb2ef4f75ce52106219872a"
  integrity sha512-V27JhRRuJLR8h2XgQBNRC0i3YMU2VVKXwXoB4vxofEdjb0zrXk3Wya7en7PFJUrhtG2edmFXELTaGrN2zw372Q==
  dependencies:
    "@iota/converter" "^1.0.0-beta.30"
    "@iota/pad" "^1.0.0-beta.30"
    "@iota/transaction" "^1.0.0-beta.30"

"@iota/transaction@^1.0.0-beta.30":
  version "1.0.0-beta.30"
  resolved "https://registry.yarnpkg.com/@iota/transaction/-/transaction-1.0.0-beta.30.tgz#73c7f83ca8bb783d0683320c52c588233e2e7019"
  integrity sha512-Y84Jaba9lXMbi/yDJSIgKE8gyY0P63ILACjiPqoPOrHnOQQ9Hs0ewh55/lhat0kZODDGWsaEzKrN4CawOICofg==
  dependencies:
    "@iota/converter" "^1.0.0-beta.30"
    "@iota/curl" "^1.0.0-beta.19"
    "@iota/kerl" "^1.0.0-beta.30"
    "@iota/signing" "^1.0.0-beta.30"
    "@types/warning" "^3.0.0"
    warning "^4.0.3"

"@types/bluebird@^3.5.30":
  version "3.5.32"
  resolved "https://registry.yarnpkg.com/@types/bluebird/-/bluebird-3.5.32.tgz#381e7b59e39f010d20bbf7e044e48f5caf1ab620"
  integrity sha512-dIOxFfI0C+jz89g6lQ+TqhGgPQ0MxSnh/E4xuC0blhFtyW269+mPG5QeLgbdwst/LvdP8o1y0o/Gz5EHXLec/g==

"@types/crypto-js@^3.1.47":
  version "3.1.47"
  resolved "https://registry.yarnpkg.com/@types/crypto-js/-/crypto-js-3.1.47.tgz#36e549dd3f1322742a3a738e7c113ebe48221860"
  integrity sha512-eI6gvpcGHLk3dAuHYnRCAjX+41gMv1nz/VP55wAe5HtmAKDOoPSfr3f6vkMc08ov1S0NsjvUBxDtHHxqQY1LGA==

"@types/node@^13.7.1":
  version "13.13.15"
  resolved "https://registry.yarnpkg.com/@types/node/-/node-13.13.15.tgz#fe1cc3aa465a3ea6858b793fd380b66c39919766"
  integrity sha512-kwbcs0jySLxzLsa2nWUAGOd/s21WU1jebrEdtzhsj1D4Yps1EOuyI1Qcu+FD56dL7NRNIJtDDjcqIG22NwkgLw==

"@types/warning@^3.0.0":
  version "3.0.0"
  resolved "https://registry.yarnpkg.com/@types/warning/-/warning-3.0.0.tgz#0d2501268ad8f9962b740d387c4654f5f8e23e52"
  integrity sha1-DSUBJorY+ZYrdA04fEZU9fjiPlI=

arg@^4.1.0:
  version "4.1.3"
  resolved "https://registry.yarnpkg.com/arg/-/arg-4.1.3.tgz#269fc7ad5b8e42cb63c896d5666017261c144089"
  integrity sha512-58S9QDqG0Xx27YwPSt9fJxivjYl432YCwfDMfZ+71RAqUrZef7LrKQZ3LHLOwCS4FLNBplP533Zx895SeOCHvA==

async@^2.5.0:
  version "2.6.3"
  resolved "https://registry.yarnpkg.com/async/-/async-2.6.3.tgz#d72625e2344a3656e3a3ad4fa749fa83299d82ff"
  integrity sha512-zflvls11DCy+dQWzTW2dzuilv8Z5X/pjfmZOWba6TNIVDm+2UDaJmXSOXlasHKfNBs8oo3M0aT50fDEWfKZjXg==
  dependencies:
    lodash "^4.17.14"

bignumber.js@^4.1.0:
  version "4.1.0"
  resolved "https://registry.yarnpkg.com/bignumber.js/-/bignumber.js-4.1.0.tgz#db6f14067c140bd46624815a7916c92d9b6c24b1"
  integrity sha512-eJzYkFYy9L4JzXsbymsFn3p54D+llV27oTQ+ziJG7WFRheJcNZilgVXMG0LoZtlQSKBsJdWtLFqOD0u+U0jZKA==

bluebird@^3.5.5, bluebird@^3.7.2:
  version "3.7.2"
  resolved "https://registry.yarnpkg.com/bluebird/-/bluebird-3.7.2.tgz#9f229c15be272454ffa973ace0dbee79a1b0c36f"
  integrity sha512-XpNj6GDQzdfW+r2Wnn7xiSAd7TM3jzkxGXBGTtWKuSXv1xUV+azxAm8jdWZN06QTQk+2N2XB9jRDkvbmQmcRtg==

buffer-from@^1.0.0:
  version "1.1.1"
  resolved "https://registry.yarnpkg.com/buffer-from/-/buffer-from-1.1.1.tgz#32713bc028f75c02fdb710d7c7bcec1f2c6070ef"
  integrity sha512-MQcXEUbCKtEo7bhqEs6560Hyd4XaovZlO/k9V3hjVUF/zwW7KBVdSK4gIt/bzwS9MbR5qob+F5jusZsb0YQK2A==

core-js@^3.1.4:
  version "3.6.5"
  resolved "https://registry.yarnpkg.com/core-js/-/core-js-3.6.5.tgz#7395dc273af37fb2e50e9bd3d9fe841285231d1a"
  integrity sha512-vZVEEwZoIsI+vPEuoF9Iqf5H7/M3eeQqWlQnYa8FSKKePuYTf5MWnxb5SDAzCa60b3JBRS5g9b+Dq7b1y/RCrA==

cross-fetch@^3.0.0:
  version "3.0.5"
  resolved "https://registry.yarnpkg.com/cross-fetch/-/cross-fetch-3.0.5.tgz#2739d2981892e7ab488a7ad03b92df2816e03f4c"
  integrity sha512-FFLcLtraisj5eteosnX1gf01qYDCOc4fDy0+euOt8Kn9YBY2NtXL/pCoYPavw24NIQkQqm5ZOLsGD5Zzj0gyew==
  dependencies:
    node-fetch "2.6.0"

crypto-js@^3.1.9-1:
  version "3.3.0"
  resolved "https://registry.yarnpkg.com/crypto-js/-/crypto-js-3.3.0.tgz#846dd1cce2f68aacfa156c8578f926a609b7976b"
  integrity sha512-DIT51nX0dCfKltpRiXV+/TVZq+Qq2NgF4644+K7Ttnla7zEzqc+kjJyiB96BHNyUTBxyjzRcZYpUdZa+QAqi6Q==

crypto-js@^4.0.0:
  version "4.0.0"
  resolved "https://registry.yarnpkg.com/crypto-js/-/crypto-js-4.0.0.tgz#2904ab2677a9d042856a2ea2ef80de92e4a36dcc"
  integrity sha512-bzHZN8Pn+gS7DQA6n+iUmBfl0hO5DJq++QP3U6uTucDtk/0iGpXd/Gg7CGR0p8tJhofJyaKoWBuJI4eAO00BBg==

diff@^4.0.1:
  version "4.0.2"
  resolved "https://registry.yarnpkg.com/diff/-/diff-4.0.2.tgz#60f3aecb89d5fae520c11aa19efc2bb982aade7d"
  integrity sha512-58lmxKSA4BNyLz+HHMUzlOEpg09FV+ev6ZMe3vJihgdxzgcwZ8VoEEPmALCZG9LmqfVoNMMKpttIYTVG6uDY7A==

iota.lib.js@^0.5.2:
  version "0.5.3"
  resolved "https://registry.yarnpkg.com/iota.lib.js/-/iota.lib.js-0.5.3.tgz#9ed6b3bdae075f0828205c2c94b64630b08a1862"
  integrity sha512-wyOU2YUbFx9VyxmGK6u+/OXjrbhBKdg2Ei83AQwH4yHlJLBT95UZNRgQS5axxt7TOfwtS4xxfiMPmjvw8Mn6yQ==
  dependencies:
    async "^2.5.0"
    bignumber.js "^4.1.0"
    crypto-js "^3.1.9-1"
    xmlhttprequest "^1.8.0"

"js-tokens@^3.0.0 || ^4.0.0":
  version "4.0.0"
  resolved "https://registry.yarnpkg.com/js-tokens/-/js-tokens-4.0.0.tgz#19203fb59991df98e3a287050d4647cdeaf32499"
  integrity sha512-RdJUflcE3cUzKiMqQgsCu06FPu9UdIJO0beYbPhHN4k6apgJtifcoCtT9bcxOpYBtpD2kCM6Sbzg4CausW/PKQ==

lodash@^4.17.14:
  version "4.17.20"
  resolved "https://registry.yarnpkg.com/lodash/-/lodash-4.17.20.tgz#b44a9b6297bcb698f1c51a3545a2b3b368d59c52"
  integrity sha512-PlhdFcillOINfeV7Ni6oF1TAEayyZBoZ8bcshTHqOYJYlrqzRK5hagpagky5o4HfCzzd1TRkXPMFq6cKk9rGmA==

loose-envify@^1.0.0:
  version "1.4.0"
  resolved "https://registry.yarnpkg.com/loose-envify/-/loose-envify-1.4.0.tgz#71ee51fa7be4caec1a63839f7e682d8132d30caf"
  integrity sha512-lyuxPGr/Wfhrlem2CL/UcnUc1zcqKAImBDzukY7Y5F/yQiNdko6+fRLevlw1HgMySw7f611UIY408EtxRSoK3Q==
  dependencies:
    js-tokens "^3.0.0 || ^4.0.0"

make-error@^1.1.1:
  version "1.3.6"
  resolved "https://registry.yarnpkg.com/make-error/-/make-error-1.3.6.tgz#2eb2e37ea9b67c4891f684a1394799af484cf7a2"
  integrity sha512-s8UhlNe7vPKomQhC1qFelMokr/Sc3AgNbso3n74mVPA5LTZwkB9NlXf4XPamLxJE8h0gh73rM94xvwRT2CVInw==

node-fetch@2.6.0:
  version "2.6.0"
  resolved "https://registry.yarnpkg.com/node-fetch/-/node-fetch-2.6.0.tgz#e633456386d4aa55863f676a7ab0daa8fdecb0fd"
  integrity sha512-8dG4H5ujfvFiqDmVu9fQ5bOHUC15JMjMY/Zumv26oOvvVJjM67KF8koCWIabKQ1GJIa9r2mMZscBq/TbdOcmNA==

querystringify@^2.1.1:
  version "2.2.0"
  resolved "https://registry.yarnpkg.com/querystringify/-/querystringify-2.2.0.tgz#3345941b4153cb9d082d8eee4cda2016a9aef7f6"
  integrity sha512-FIqgj2EUvTa7R50u0rGsyTftzjYmv/a3hO345bZNrqabNqjtgiDMgmo4mkUjd+nzU5oF3dClKqFIPUKybUyqoQ==

requires-port@^1.0.0:
  version "1.0.0"
  resolved "https://registry.yarnpkg.com/requires-port/-/requires-port-1.0.0.tgz#925d2601d39ac485e091cf0da5c6e694dc3dcaff"
  integrity sha1-kl0mAdOaxIXgkc8NpcbmlNw9yv8=

source-map-support@^0.5.17:
  version "0.5.19"
  resolved "https://registry.yarnpkg.com/source-map-support/-/source-map-support-0.5.19.tgz#a98b62f86dcaf4f67399648c085291ab9e8fed61"
  integrity sha512-Wonm7zOCIJzBGQdB+thsPar0kYuCIzYvxZwlBa87yi/Mdjv7Tip2cyVbLj5o0cFPN4EVkuTwb3GDDyUx2DGnGw==
  dependencies:
    buffer-from "^1.0.0"
    source-map "^0.6.0"

source-map@^0.6.0:
  version "0.6.1"
  resolved "https://registry.yarnpkg.com/source-map/-/source-map-0.6.1.tgz#74722af32e9614e9c287a8d0bbde48b5e2f1a263"
  integrity sha512-UjgapumWlbMhkBgzT7Ykc5YXUT46F0iKu8SGXq0bcwP5dz/h0Plj6enJqjz1Zbq2l5WaqYnrVbwWOWMyF3F47g==

ts-node@^8.6.2:
  version "8.10.2"
  resolved "https://registry.yarnpkg.com/ts-node/-/ts-node-8.10.2.tgz#eee03764633b1234ddd37f8db9ec10b75ec7fb8d"
  integrity sha512-ISJJGgkIpDdBhWVu3jufsWpK3Rzo7bdiIXJjQc0ynKxVOVcg2oIrf2H2cejminGrptVc6q6/uynAHNCuWGbpVA==
  dependencies:
    arg "^4.1.0"
    diff "^4.0.1"
    make-error "^1.1.1"
    source-map-support "^0.5.17"
    yn "3.1.1"

typescript@^3.7.5:
  version "3.9.7"
  resolved "https://registry.yarnpkg.com/typescript/-/typescript-3.9.7.tgz#98d600a5ebdc38f40cb277522f12dc800e9e25fa"
  integrity sha512-BLbiRkiBzAwsjut4x/dsibSTB6yWpwT5qWmC2OfuCg3GgVQCSgMs4vEctYPhsaGtd0AeuuHMkjZ2h2WG8MSzRw==

url-parse@^1.4.7:
  version "1.4.7"
  resolved "https://registry.yarnpkg.com/url-parse/-/url-parse-1.4.7.tgz#a8a83535e8c00a316e403a5db4ac1b9b853ae278"
  integrity sha512-d3uaVyzDB9tQoSXFvuSUNFibTd9zxd2bkVrDRvF5TmvWWQwqE4lgYJ5m+x1DbecWkw+LK4RNl2CU1hHuOKPVlg==
  dependencies:
    querystringify "^2.1.1"
    requires-port "^1.0.0"

warning@^4.0.3:
  version "4.0.3"
  resolved "https://registry.yarnpkg.com/warning/-/warning-4.0.3.tgz#16e9e077eb8a86d6af7d64aa1e05fd85b4678ca3"
  integrity sha512-rpJyN222KWIvHJ/F53XSZv0Zl/accqHR8et1kpaMTD/fLCRxtV8iX8czMzY7sVZupTI3zcUTg8eycS2kNF9l6w==
  dependencies:
    loose-envify "^1.0.0"

xmlhttprequest@^1.8.0:
  version "1.8.0"
  resolved "https://registry.yarnpkg.com/xmlhttprequest/-/xmlhttprequest-1.8.0.tgz#67fe075c5c24fef39f9d65f5f7b7fe75171968fc"
  integrity sha1-Z/4HXFwk/vOfnWX197f+dRcZaPw=

yn@3.1.1:
  version "3.1.1"
  resolved "https://registry.yarnpkg.com/yn/-/yn-3.1.1.tgz#1e87401a09d767c1d5eab26a6e4c185182d2eb50"
  integrity sha512-Ux4ygGWsu2c7isFWe8Yu1YluJmqVhxqK2cLXNQA5AcC3QfbGNpM7fu0Y8b/z16pXLnFxZYvWhd3fhBY9DLmC6Q==
